
Microsoft Visual Studio Solution File, Format Version 12.00
# Visual Studio Version 17
VisualStudioVersion = 17.4.33213.308
MinimumVisualStudioVersion = 10.0.40219.1
Project("{FAE04EC0-301F-11D3-BF4B-00C04F79EFBC}") = "NotemanLibrary", "NotemanLibrary\NotemanLibrary.csproj", "{5487E55D-C0DC-44E1-A91B-94B7EAF1AE91}"
EndProject
Project("{FAE04EC0-301F-11D3-BF4B-00C04F79EFBC}") = "MainForm", "MainForm\MainForm.csproj", "{D893600C-8F59-4ED7-8374-69855CACDBB8}"
EndProject
Global
	GlobalSection(SolutionConfigurationPlatforms) = preSolution
		Debug|Any CPU = Debug|Any CPU
		Release|Any CPU = Release|Any CPU
	EndGlobalSection
	GlobalSection(ProjectConfigurationPlatforms) = postSolution
		{5487E55D-C0DC-44E1-A91B-94B7EAF1AE91}.Debug|Any CPU.ActiveCfg = Debug|Any CPU
		{5487E55D-C0DC-44E1-A91B-94B7EAF1AE91}.Debug|Any CPU.Build.0 = Debug|Any CPU
		{5487E55D-C0DC-44E1-A91B-94B7EAF1AE91}.Release|Any CPU.ActiveCfg = Release|Any CPU
		{5487E55D-C0DC-44E1-A91B-94B7EAF1AE91}.Release|Any CPU.Build.0 = Release|Any CPU
		{D893600C-8F59-4ED7-8374-69855CACDBB8}.Debug|Any CPU.ActiveCfg = Debug|Any CPU
		{D893600C-8F59-4ED7-8374-69855CACDBB8}.Debug|Any CPU.Build.0 = Debug|Any CPU
		{D893600C-8F59-4ED7-8374-69855CACDBB8}.Release|Any CPU.ActiveCfg = Release|Any CPU
		{D893600C-8F59-4ED7-8374-69855CACDBB8}.Release|Any CPU.Build.0 = Release|Any CPU
	EndGlobalSection
	GlobalSection(SolutionProperties) = preSolution
		HideSolutionNode = FALSE
	EndGlobalSection
	GlobalSection(ExtensibilityGlobals) = postSolution
		SolutionGuid = {42C5172B-E6C7-4F12-A189-2102109113CB}
	EndGlobalSection
EndGlobal
